
Microsoft Visual Studio Solution File, Format Version 12.00
# Visual Studio 15
VisualStudioVersion = 15.0.28307.102
MinimumVisualStudioVersion = 10.0.40219.1
Project("{FAE04EC0-301F-11D3-BF4B-00C04F79EFBC}") = "MeilleurDisponnible", "MeilleurDisponnible\MeilleurDisponnible.csproj", "{9B510205-1458-4549-9957-479ACF50FE53}"
EndProject
Global
	GlobalSection(SolutionConfigurationPlatforms) = preSolution
		Debug|Any CPU = Debug|Any CPU
		Release|Any CPU = Release|Any CPU
	EndGlobalSection
	GlobalSection(ProjectConfigurationPlatforms) = postSolution
		{9B510205-1458-4549-9957-479ACF50FE53}.Debug|Any CPU.ActiveCfg = Debug|Any CPU
		{9B510205-1458-4549-9957-479ACF50FE53}.Debug|Any CPU.Build.0 = Debug|Any CPU
		{9B510205-1458-4549-9957-479ACF50FE53}.Release|Any CPU.ActiveCfg = Release|Any CPU
		{9B510205-1458-4549-9957-479ACF50FE53}.Release|Any CPU.Build.0 = Release|Any CPU
	EndGlobalSection
	GlobalSection(SolutionProperties) = preSolution
		HideSolutionNode = FALSE
	EndGlobalSection
	GlobalSection(ExtensibilityGlobals) = postSolution
		SolutionGuid = {E1ABE557-FD11-4E6B-867D-EEA62E425F2E}
	EndGlobalSection
EndGlobal
